<?xml version="1.0" encoding="utf-8"?>
<Project ToolsVersion="4.0" xmlns="http://schemas.microsoft.com/developer/msbuild/2003">
  <ItemGroup>
    <Filter Include="src">
      <UniqueIdentifier>{505a7548-c944-488e-ae26-2e80970e3cd4}</UniqueIdentifier>
    </Filter>
    <Filter Include="lib">
      <UniqueIdentifier>{e353a1af-d26f-436b-a127-3920ec38c0f3}</UniqueIdentifier>
    </Filter>
    <Filter Include="lib\cajun">
      <UniqueIdentifier>{84595286-32fc-44a2-9b3b-b7eee51b24f0}</UniqueIdentifier>
    </Filter>
    <Filter Include="lib\cajun\json">
      <UniqueIdentifier>{c9537d85-6b07-4d39-a1ed-09acf02e7736}</UniqueIdentifier>
    </Filter>
    <Filter Include="lib\cajun\utf8">
      <UniqueIdentifier>{343828b5-190a-4365-9ef6-614ca313ba01}</UniqueIdentifier>
    </Filter>
    <Filter Include="lib\fmt">
      <UniqueIdentifier>{072cd41b-feb4-4fd5-a55a-859faae52c38}</UniqueIdentifier>
    </Filter>
    <Filter Include="lib\milagro-crypto-c">
      <UniqueIdentifier>{60140866-26f8-412b-9d6a-fd8ae707a180}</UniqueIdentifier>
    </Filter>
    <Filter Include="lib\milagro-crypto-c\include">
      <UniqueIdentifier>{5704b722-c85d-49f6-89bc-d62654da6fbe}</UniqueIdentifier>
    </Filter>
    <Filter Include="lib\milagro-crypto-c\src">
      <UniqueIdentifier>{b5965bfb-0cb2-4284-b4bc-080830cece8b}</UniqueIdentifier>
    </Filter>
    <Filter Include="lib\paho.mqtt.embedded">
      <UniqueIdentifier>{bf642683-4ca3-49ff-8581-7c34466959b4}</UniqueIdentifier>
    </Filter>
    <Filter Include="lib\paho.mqtt.embedded\MQTTClient">
      <UniqueIdentifier>{98c78818-f399-4d00-b9b3-3f2bda8499ee}</UniqueIdentifier>
    </Filter>
    <Filter Include="lib\paho.mqtt.embedded\MQTTPacket">
      <UniqueIdentifier>{823a06b5-6c3d-4f48-87ac-87e41947db56}</UniqueIdentifier>
    </Filter>
    <Filter Include="include">
      <UniqueIdentifier>{ce05fb47-67f0-478d-8d6b-b07e645d794c}</UniqueIdentifier>
    </Filter>
    <Filter Include="include\iot">
      <UniqueIdentifier>{9658a668-25d4-49d6-a472-5183c930d6ee}</UniqueIdentifier>
    </Filter>
    <Filter Include="tests">
      <UniqueIdentifier>{cd9e717b-7215-4da1-a9c2-5cc2bc6648c7}</UniqueIdentifier>
    </Filter>
    <Filter Include="tests\iot_client">
      <UniqueIdentifier>{c213e8cd-db07-4b2e-9717-021b1e503d97}</UniqueIdentifier>
    </Filter>
    <Filter Include="tools">
      <UniqueIdentifier>{44eb5b7f-30fc-403a-8798-5240b21a9e2c}</UniqueIdentifier>
    </Filter>
    <Filter Include="tools\sok_keygen">
      <UniqueIdentifier>{6684e9a6-b412-4208-87d2-8a611ed1892b}</UniqueIdentifier>
    </Filter>
    <Filter Include="lib\netlib">
      <UniqueIdentifier>{434edf13-56eb-4201-809b-7993a379e67c}</UniqueIdentifier>
    </Filter>
    <Filter Include="lib\netlib\include">
      <UniqueIdentifier>{a704f204-1578-4b79-8bec-25f2d0c0917c}</UniqueIdentifier>
    </Filter>
    <Filter Include="lib\netlib\src">
      <UniqueIdentifier>{8707a873-558c-4a60-8ee5-df2a6fc1cb90}</UniqueIdentifier>
    </Filter>
    <Filter Include="lib\netlib\lib">
      <UniqueIdentifier>{d79e2983-2573-4b72-bcb4-ee3a54aa4dd4}</UniqueIdentifier>
    </Filter>
    <Filter Include="lib\netlib\lib\http_parser">
      <UniqueIdentifier>{c04453d1-5ba4-4aaf-989b-43badb8b538c}</UniqueIdentifier>
    </Filter>
    <Filter Include="lib\netlib\lib\mbedtls">
      <UniqueIdentifier>{d6b0439d-7dde-460c-b021-82c9bb6c05bd}</UniqueIdentifier>
    </Filter>
    <Filter Include="lib\netlib\lib\mbedtls\include">
      <UniqueIdentifier>{9fd413a6-eb2f-4e97-a616-c91df7449f6c}</UniqueIdentifier>
    </Filter>
    <Filter Include="lib\netlib\lib\mbedtls\src">
      <UniqueIdentifier>{3f4818ed-1d5a-430c-b794-3933c04fdb34}</UniqueIdentifier>
    </Filter>
  </ItemGroup>
  <ItemGroup>
    <ClCompile Include="..\lib\fmt-3.0.1\fmt\format.cc">
      <Filter>lib\fmt</Filter>
    </ClCompile>
    <ClCompile Include="..\lib\fmt-3.0.1\fmt\ostream.cc">
      <Filter>lib\fmt</Filter>
    </ClCompile>
    <ClCompile Include="..\lib\milagro-crypto-c\src\aes.c">
      <Filter>lib\milagro-crypto-c\src</Filter>
    </ClCompile>
    <ClCompile Include="..\lib\milagro-crypto-c\src\big.c">
      <Filter>lib\milagro-crypto-c\src</Filter>
    </ClCompile>
    <ClCompile Include="..\lib\milagro-crypto-c\src\ecdh.c">
      <Filter>lib\milagro-crypto-c\src</Filter>
    </ClCompile>
    <ClCompile Include="..\lib\milagro-crypto-c\src\ecp.c">
      <Filter>lib\milagro-crypto-c\src</Filter>
    </ClCompile>
    <ClCompile Include="..\lib\milagro-crypto-c\src\ecp2.c">
      <Filter>lib\milagro-crypto-c\src</Filter>
    </ClCompile>
    <ClCompile Include="..\lib\milagro-crypto-c\src\ff.c">
      <Filter>lib\milagro-crypto-c\src</Filter>
    </ClCompile>
    <ClCompile Include="..\lib\milagro-crypto-c\src\fp.c">
      <Filter>lib\milagro-crypto-c\src</Filter>
    </ClCompile>
    <ClCompile Include="..\lib\milagro-crypto-c\src\fp2.c">
      <Filter>lib\milagro-crypto-c\src</Filter>
    </ClCompile>
    <ClCompile Include="..\lib\milagro-crypto-c\src\fp4.c">
      <Filter>lib\milagro-crypto-c\src</Filter>
    </ClCompile>
    <ClCompile Include="..\lib\milagro-crypto-c\src\fp12.c">
      <Filter>lib\milagro-crypto-c\src</Filter>
    </ClCompile>
    <ClCompile Include="..\lib\milagro-crypto-c\src\gcm.c">
      <Filter>lib\milagro-crypto-c\src</Filter>
    </ClCompile>
    <ClCompile Include="..\lib\milagro-crypto-c\src\hash.c">
      <Filter>lib\milagro-crypto-c\src</Filter>
    </ClCompile>
    <ClCompile Include="..\lib\milagro-crypto-c\src\mpin.c">
      <Filter>lib\milagro-crypto-c\src</Filter>
    </ClCompile>
    <ClCompile Include="..\lib\milagro-crypto-c\src\oct.c">
      <Filter>lib\milagro-crypto-c\src</Filter>
    </ClCompile>
    <ClCompile Include="..\lib\milagro-crypto-c\src\pair.c">
      <Filter>lib\milagro-crypto-c\src</Filter>
    </ClCompile>
    <ClCompile Include="..\lib\milagro-crypto-c\src\rand.c">
      <Filter>lib\milagro-crypto-c\src</Filter>
    </ClCompile>
    <ClCompile Include="..\lib\milagro-crypto-c\src\randapi.c">
      <Filter>lib\milagro-crypto-c\src</Filter>
    </ClCompile>
    <ClCompile Include="..\lib\milagro-crypto-c\src\rom.c">
      <Filter>lib\milagro-crypto-c\src</Filter>
    </ClCompile>
    <ClCompile Include="..\lib\milagro-crypto-c\src\rsa.c">
      <Filter>lib\milagro-crypto-c\src</Filter>
    </ClCompile>
    <ClCompile Include="..\lib\milagro-crypto-c\src\utils.c">
      <Filter>lib\milagro-crypto-c\src</Filter>
    </ClCompile>
    <ClCompile Include="..\lib\milagro-crypto-c\src\version.c">
      <Filter>lib\milagro-crypto-c\src</Filter>
    </ClCompile>
    <ClCompile Include="..\lib\milagro-crypto-c\src\wcc.c">
      <Filter>lib\milagro-crypto-c\src</Filter>
    </ClCompile>
    <ClCompile Include="..\lib\milagro-crypto-c\src\x509.c">
      <Filter>lib\milagro-crypto-c\src</Filter>
    </ClCompile>
    <ClCompile Include="..\lib\paho.mqtt.embedded-c-master\MQTTClient\src\linux\linux.cpp">
      <Filter>lib\paho.mqtt.embedded\MQTTClient</Filter>
    </ClCompile>
    <ClCompile Include="..\lib\paho.mqtt.embedded-c-master\MQTTPacket\src\MQTTConnectClient.c">
      <Filter>lib\paho.mqtt.embedded\MQTTPacket</Filter>
    </ClCompile>
    <ClCompile Include="..\lib\paho.mqtt.embedded-c-master\MQTTPacket\src\MQTTConnectServer.c">
      <Filter>lib\paho.mqtt.embedded\MQTTPacket</Filter>
    </ClCompile>
    <ClCompile Include="..\lib\paho.mqtt.embedded-c-master\MQTTPacket\src\MQTTDeserializePublish.c">
      <Filter>lib\paho.mqtt.embedded\MQTTPacket</Filter>
    </ClCompile>
    <ClCompile Include="..\lib\paho.mqtt.embedded-c-master\MQTTPacket\src\MQTTFormat.c">
      <Filter>lib\paho.mqtt.embedded\MQTTPacket</Filter>
    </ClCompile>
    <ClCompile Include="..\lib\paho.mqtt.embedded-c-master\MQTTPacket\src\MQTTPacket.c">
      <Filter>lib\paho.mqtt.embedded\MQTTPacket</Filter>
    </ClCompile>
    <ClCompile Include="..\lib\paho.mqtt.embedded-c-master\MQTTPacket\src\MQTTSerializePublish.c">
      <Filter>lib\paho.mqtt.embedded\MQTTPacket</Filter>
    </ClCompile>
    <ClCompile Include="..\lib\paho.mqtt.embedded-c-master\MQTTPacket\src\MQTTSubscribeClient.c">
      <Filter>lib\paho.mqtt.embedded\MQTTPacket</Filter>
    </ClCompile>
    <ClCompile Include="..\lib\paho.mqtt.embedded-c-master\MQTTPacket\src\MQTTSubscribeServer.c">
      <Filter>lib\paho.mqtt.embedded\MQTTPacket</Filter>
    </ClCompile>
    <ClCompile Include="..\lib\paho.mqtt.embedded-c-master\MQTTPacket\src\MQTTUnsubscribeClient.c">
      <Filter>lib\paho.mqtt.embedded\MQTTPacket</Filter>
    </ClCompile>
    <ClCompile Include="..\lib\paho.mqtt.embedded-c-master\MQTTPacket\src\MQTTUnsubscribeServer.c">
      <Filter>lib\paho.mqtt.embedded\MQTTPacket</Filter>
    </ClCompile>
    <ClCompile Include="..\src\mqtt_tls_client.cpp">
      <Filter>src</Filter>
    </ClCompile>
    <ClCompile Include="..\src\utils.cpp">
      <Filter>src</Filter>
    </ClCompile>
    <ClCompile Include="..\src\crypto.cpp">
      <Filter>src</Filter>
    </ClCompile>
    <ClCompile Include="..\src\exception.cpp">
      <Filter>src</Filter>
    </ClCompile>
    <ClCompile Include="..\src\mpin_full.cpp">
      <Filter>src</Filter>
    </ClCompile>
    <ClCompile Include="..\src\client.cpp">
      <Filter>src</Filter>
    </ClCompile>
    <ClCompile Include="..\tests\iot_client\flags.cpp">
      <Filter>tests\iot_client</Filter>
    </ClCompile>
    <ClCompile Include="..\tests\iot_client\main.cpp">
      <Filter>tests\iot_client</Filter>
    </ClCompile>
    <ClCompile Include="..\lib\milagro-crypto-c\src\sok.c">
      <Filter>lib\milagro-crypto-c\src</Filter>
    </ClCompile>
    <ClCompile Include="..\tools\sok_keygen\main.cpp">
      <Filter>tools\sok_keygen</Filter>
    </ClCompile>
    <ClCompile Include="..\lib\netlib\src\common.cpp">
      <Filter>lib\netlib\src</Filter>
    </ClCompile>
    <ClCompile Include="..\lib\netlib\src\http_client.cpp">
      <Filter>lib\netlib\src</Filter>
    </ClCompile>
    <ClCompile Include="..\lib\netlib\src\http_response_parser.cpp">
      <Filter>lib\netlib\src</Filter>
    </ClCompile>
    <ClCompile Include="..\lib\netlib\src\tcp_connection.cpp">
      <Filter>lib\netlib\src</Filter>
    </ClCompile>
    <ClCompile Include="..\lib\netlib\src\tls_connection.cpp">
      <Filter>lib\netlib\src</Filter>
    </ClCompile>
    <ClCompile Include="..\lib\netlib\src\utils.cpp">
      <Filter>lib\netlib\src</Filter>
    </ClCompile>
    <ClCompile Include="..\lib\netlib\src\x509.cpp">
      <Filter>lib\netlib\src</Filter>
    </ClCompile>
    <ClCompile Include="..\lib\netlib\lib\http-parser-2.7.1\http_parser.c">
      <Filter>lib\netlib\lib\http_parser</Filter>
    </ClCompile>
    <ClCompile Include="..\lib\netlib\lib\mbedtls-2.4.2\library\aes.c">
      <Filter>lib\netlib\lib\mbedtls\src</Filter>
    </ClCompile>
    <ClCompile Include="..\lib\netlib\lib\mbedtls-2.4.2\library\aesni.c">
      <Filter>lib\netlib\lib\mbedtls\src</Filter>
    </ClCompile>
    <ClCompile Include="..\lib\netlib\lib\mbedtls-2.4.2\library\arc4.c">
      <Filter>lib\netlib\lib\mbedtls\src</Filter>
    </ClCompile>
    <ClCompile Include="..\lib\netlib\lib\mbedtls-2.4.2\library\asn1parse.c">
      <Filter>lib\netlib\lib\mbedtls\src</Filter>
    </ClCompile>
    <ClCompile Include="..\lib\netlib\lib\mbedtls-2.4.2\library\asn1write.c">
      <Filter>lib\netlib\lib\mbedtls\src</Filter>
    </ClCompile>
    <ClCompile Include="..\lib\netlib\lib\mbedtls-2.4.2\library\base64.c">
      <Filter>lib\netlib\lib\mbedtls\src</Filter>
    </ClCompile>
    <ClCompile Include="..\lib\netlib\lib\mbedtls-2.4.2\library\bignum.c">
      <Filter>lib\netlib\lib\mbedtls\src</Filter>
    </ClCompile>
    <ClCompile Include="..\lib\netlib\lib\mbedtls-2.4.2\library\blowfish.c">
      <Filter>lib\netlib\lib\mbedtls\src</Filter>
    </ClCompile>
    <ClCompile Include="..\lib\netlib\lib\mbedtls-2.4.2\library\camellia.c">
      <Filter>lib\netlib\lib\mbedtls\src</Filter>
    </ClCompile>
    <ClCompile Include="..\lib\netlib\lib\mbedtls-2.4.2\library\ccm.c">
      <Filter>lib\netlib\lib\mbedtls\src</Filter>
    </ClCompile>
    <ClCompile Include="..\lib\netlib\lib\mbedtls-2.4.2\library\certs.c">
      <Filter>lib\netlib\lib\mbedtls\src</Filter>
    </ClCompile>
    <ClCompile Include="..\lib\netlib\lib\mbedtls-2.4.2\library\cipher.c">
      <Filter>lib\netlib\lib\mbedtls\src</Filter>
    </ClCompile>
    <ClCompile Include="..\lib\netlib\lib\mbedtls-2.4.2\library\cipher_wrap.c">
      <Filter>lib\netlib\lib\mbedtls\src</Filter>
    </ClCompile>
    <ClCompile Include="..\lib\netlib\lib\mbedtls-2.4.2\library\cmac.c">
      <Filter>lib\netlib\lib\mbedtls\src</Filter>
    </ClCompile>
    <ClCompile Include="..\lib\netlib\lib\mbedtls-2.4.2\library\ctr_drbg.c">
      <Filter>lib\netlib\lib\mbedtls\src</Filter>
    </ClCompile>
    <ClCompile Include="..\lib\netlib\lib\mbedtls-2.4.2\library\debug.c">
      <Filter>lib\netlib\lib\mbedtls\src</Filter>
    </ClCompile>
    <ClCompile Include="..\lib\netlib\lib\mbedtls-2.4.2\library\des.c">
      <Filter>lib\netlib\lib\mbedtls\src</Filter>
    </ClCompile>
    <ClCompile Include="..\lib\netlib\lib\mbedtls-2.4.2\library\dhm.c">
      <Filter>lib\netlib\lib\mbedtls\src</Filter>
    </ClCompile>
    <ClCompile Include="..\lib\netlib\lib\mbedtls-2.4.2\library\ecdh.c">
      <Filter>lib\netlib\lib\mbedtls\src</Filter>
    </ClCompile>
    <ClCompile Include="..\lib\netlib\lib\mbedtls-2.4.2\library\ecdsa.c">
      <Filter>lib\netlib\lib\mbedtls\src</Filter>
    </ClCompile>
    <ClCompile Include="..\lib\netlib\lib\mbedtls-2.4.2\library\ecjpake.c">
      <Filter>lib\netlib\lib\mbedtls\src</Filter>
    </ClCompile>
    <ClCompile Include="..\lib\netlib\lib\mbedtls-2.4.2\library\ecp.c">
      <Filter>lib\netlib\lib\mbedtls\src</Filter>
    </ClCompile>
    <ClCompile Include="..\lib\netlib\lib\mbedtls-2.4.2\library\ecp_curves.c">
      <Filter>lib\netlib\lib\mbedtls\src</Filter>
    </ClCompile>
    <ClCompile Include="..\lib\netlib\lib\mbedtls-2.4.2\library\entropy.c">
      <Filter>lib\netlib\lib\mbedtls\src</Filter>
    </ClCompile>
    <ClCompile Include="..\lib\netlib\lib\mbedtls-2.4.2\library\entropy_poll.c">
      <Filter>lib\netlib\lib\mbedtls\src</Filter>
    </ClCompile>
    <ClCompile Include="..\lib\netlib\lib\mbedtls-2.4.2\library\error.c">
      <Filter>lib\netlib\lib\mbedtls\src</Filter>
    </ClCompile>
    <ClCompile Include="..\lib\netlib\lib\mbedtls-2.4.2\library\gcm.c">
      <Filter>lib\netlib\lib\mbedtls\src</Filter>
    </ClCompile>
    <ClCompile Include="..\lib\netlib\lib\mbedtls-2.4.2\library\havege.c">
      <Filter>lib\netlib\lib\mbedtls\src</Filter>
    </ClCompile>
    <ClCompile Include="..\lib\netlib\lib\mbedtls-2.4.2\library\hmac_drbg.c">
      <Filter>lib\netlib\lib\mbedtls\src</Filter>
    </ClCompile>
    <ClCompile Include="..\lib\netlib\lib\mbedtls-2.4.2\library\md.c">
      <Filter>lib\netlib\lib\mbedtls\src</Filter>
    </ClCompile>
    <ClCompile Include="..\lib\netlib\lib\mbedtls-2.4.2\library\md_wrap.c">
      <Filter>lib\netlib\lib\mbedtls\src</Filter>
    </ClCompile>
    <ClCompile Include="..\lib\netlib\lib\mbedtls-2.4.2\library\md2.c">
      <Filter>lib\netlib\lib\mbedtls\src</Filter>
    </ClCompile>
    <ClCompile Include="..\lib\netlib\lib\mbedtls-2.4.2\library\md4.c">
      <Filter>lib\netlib\lib\mbedtls\src</Filter>
    </ClCompile>
    <ClCompile Include="..\lib\netlib\lib\mbedtls-2.4.2\library\md5.c">
      <Filter>lib\netlib\lib\mbedtls\src</Filter>
    </ClCompile>
    <ClCompile Include="..\lib\netlib\lib\mbedtls-2.4.2\library\memory_buffer_alloc.c">
      <Filter>lib\netlib\lib\mbedtls\src</Filter>
    </ClCompile>
    <ClCompile Include="..\lib\netlib\lib\mbedtls-2.4.2\library\net_sockets.c">
      <Filter>lib\netlib\lib\mbedtls\src</Filter>
    </ClCompile>
    <ClCompile Include="..\lib\netlib\lib\mbedtls-2.4.2\library\oid.c">
      <Filter>lib\netlib\lib\mbedtls\src</Filter>
    </ClCompile>
    <ClCompile Include="..\lib\netlib\lib\mbedtls-2.4.2\library\padlock.c">
      <Filter>lib\netlib\lib\mbedtls\src</Filter>
    </ClCompile>
    <ClCompile Include="..\lib\netlib\lib\mbedtls-2.4.2\library\pem.c">
      <Filter>lib\netlib\lib\mbedtls\src</Filter>
    </ClCompile>
    <ClCompile Include="..\lib\netlib\lib\mbedtls-2.4.2\library\pk.c">
      <Filter>lib\netlib\lib\mbedtls\src</Filter>
    </ClCompile>
    <ClCompile Include="..\lib\netlib\lib\mbedtls-2.4.2\library\pk_wrap.c">
      <Filter>lib\netlib\lib\mbedtls\src</Filter>
    </ClCompile>
    <ClCompile Include="..\lib\netlib\lib\mbedtls-2.4.2\library\pkcs5.c">
      <Filter>lib\netlib\lib\mbedtls\src</Filter>
    </ClCompile>
    <ClCompile Include="..\lib\netlib\lib\mbedtls-2.4.2\library\pkcs11.c">
      <Filter>lib\netlib\lib\mbedtls\src</Filter>
    </ClCompile>
    <ClCompile Include="..\lib\netlib\lib\mbedtls-2.4.2\library\pkcs12.c">
      <Filter>lib\netlib\lib\mbedtls\src</Filter>
    </ClCompile>
    <ClCompile Include="..\lib\netlib\lib\mbedtls-2.4.2\library\pkparse.c">
      <Filter>lib\netlib\lib\mbedtls\src</Filter>
    </ClCompile>
    <ClCompile Include="..\lib\netlib\lib\mbedtls-2.4.2\library\pkwrite.c">
      <Filter>lib\netlib\lib\mbedtls\src</Filter>
    </ClCompile>
    <ClCompile Include="..\lib\netlib\lib\mbedtls-2.4.2\library\platform.c">
      <Filter>lib\netlib\lib\mbedtls\src</Filter>
    </ClCompile>
    <ClCompile Include="..\lib\netlib\lib\mbedtls-2.4.2\library\ripemd160.c">
      <Filter>lib\netlib\lib\mbedtls\src</Filter>
    </ClCompile>
    <ClCompile Include="..\lib\netlib\lib\mbedtls-2.4.2\library\rsa.c">
      <Filter>lib\netlib\lib\mbedtls\src</Filter>
    </ClCompile>
    <ClCompile Include="..\lib\netlib\lib\mbedtls-2.4.2\library\sha1.c">
      <Filter>lib\netlib\lib\mbedtls\src</Filter>
    </ClCompile>
    <ClCompile Include="..\lib\netlib\lib\mbedtls-2.4.2\library\sha256.c">
      <Filter>lib\netlib\lib\mbedtls\src</Filter>
    </ClCompile>
    <ClCompile Include="..\lib\netlib\lib\mbedtls-2.4.2\library\sha512.c">
      <Filter>lib\netlib\lib\mbedtls\src</Filter>
    </ClCompile>
    <ClCompile Include="..\lib\netlib\lib\mbedtls-2.4.2\library\ssl_cache.c">
      <Filter>lib\netlib\lib\mbedtls\src</Filter>
    </ClCompile>
    <ClCompile Include="..\lib\netlib\lib\mbedtls-2.4.2\library\ssl_ciphersuites.c">
      <Filter>lib\netlib\lib\mbedtls\src</Filter>
    </ClCompile>
    <ClCompile Include="..\lib\netlib\lib\mbedtls-2.4.2\library\ssl_cli.c">
      <Filter>lib\netlib\lib\mbedtls\src</Filter>
    </ClCompile>
    <ClCompile Include="..\lib\netlib\lib\mbedtls-2.4.2\library\ssl_cookie.c">
      <Filter>lib\netlib\lib\mbedtls\src</Filter>
    </ClCompile>
    <ClCompile Include="..\lib\netlib\lib\mbedtls-2.4.2\library\ssl_srv.c">
      <Filter>lib\netlib\lib\mbedtls\src</Filter>
    </ClCompile>
    <ClCompile Include="..\lib\netlib\lib\mbedtls-2.4.2\library\ssl_ticket.c">
      <Filter>lib\netlib\lib\mbedtls\src</Filter>
    </ClCompile>
    <ClCompile Include="..\lib\netlib\lib\mbedtls-2.4.2\library\ssl_tls.c">
      <Filter>lib\netlib\lib\mbedtls\src</Filter>
    </ClCompile>
    <ClCompile Include="..\lib\netlib\lib\mbedtls-2.4.2\library\threading.c">
      <Filter>lib\netlib\lib\mbedtls\src</Filter>
    </ClCompile>
    <ClCompile Include="..\lib\netlib\lib\mbedtls-2.4.2\library\timing.c">
      <Filter>lib\netlib\lib\mbedtls\src</Filter>
    </ClCompile>
    <ClCompile Include="..\lib\netlib\lib\mbedtls-2.4.2\library\version.c">
      <Filter>lib\netlib\lib\mbedtls\src</Filter>
    </ClCompile>
    <ClCompile Include="..\lib\netlib\lib\mbedtls-2.4.2\library\version_features.c">
      <Filter>lib\netlib\lib\mbedtls\src</Filter>
    </ClCompile>
    <ClCompile Include="..\lib\netlib\lib\mbedtls-2.4.2\library\x509.c">
      <Filter>lib\netlib\lib\mbedtls\src</Filter>
    </ClCompile>
    <ClCompile Include="..\lib\netlib\lib\mbedtls-2.4.2\library\x509_create.c">
      <Filter>lib\netlib\lib\mbedtls\src</Filter>
    </ClCompile>
    <ClCompile Include="..\lib\netlib\lib\mbedtls-2.4.2\library\x509_crl.c">
      <Filter>lib\netlib\lib\mbedtls\src</Filter>
    </ClCompile>
    <ClCompile Include="..\lib\netlib\lib\mbedtls-2.4.2\library\x509_crt.c">
      <Filter>lib\netlib\lib\mbedtls\src</Filter>
    </ClCompile>
    <ClCompile Include="..\lib\netlib\lib\mbedtls-2.4.2\library\x509_csr.c">
      <Filter>lib\netlib\lib\mbedtls\src</Filter>
    </ClCompile>
    <ClCompile Include="..\lib\netlib\lib\mbedtls-2.4.2\library\x509write_crt.c">
      <Filter>lib\netlib\lib\mbedtls\src</Filter>
    </ClCompile>
    <ClCompile Include="..\lib\netlib\lib\mbedtls-2.4.2\library\x509write_csr.c">
      <Filter>lib\netlib\lib\mbedtls\src</Filter>
    </ClCompile>
    <ClCompile Include="..\lib\netlib\lib\mbedtls-2.4.2\library\xtea.c">
      <Filter>lib\netlib\lib\mbedtls\src</Filter>
    </ClCompile>
  </ItemGroup>
  <ItemGroup>
    <ClInclude Include="..\lib\cajun-2.0.2\json\elements.h">
      <Filter>lib\cajun\json</Filter>
    </ClInclude>
    <ClInclude Include="..\lib\cajun-2.0.2\json\reader.h">
      <Filter>lib\cajun\json</Filter>
    </ClInclude>
    <ClInclude Include="..\lib\cajun-2.0.2\json\visitor.h">
      <Filter>lib\cajun\json</Filter>
    </ClInclude>
    <ClInclude Include="..\lib\cajun-2.0.2\json\writer.h">
      <Filter>lib\cajun\json</Filter>
    </ClInclude>
    <ClInclude Include="..\lib\cajun-2.0.2\utf8\checked.h">
      <Filter>lib\cajun\utf8</Filter>
    </ClInclude>
    <ClInclude Include="..\lib\cajun-2.0.2\utf8\core.h">
      <Filter>lib\cajun\utf8</Filter>
    </ClInclude>
    <ClInclude Include="..\lib\cajun-2.0.2\utf8\unchecked.h">
      <Filter>lib\cajun\utf8</Filter>
    </ClInclude>
    <ClInclude Include="..\lib\cajun-2.0.2\utf8.h">
      <Filter>lib\cajun</Filter>
    </ClInclude>
    <ClInclude Include="..\lib\fmt-3.0.1\fmt\format.h">
      <Filter>lib\fmt</Filter>
    </ClInclude>
    <ClInclude Include="..\lib\fmt-3.0.1\fmt\ostream.h">
      <Filter>lib\fmt</Filter>
    </ClInclude>
    <ClInclude Include="..\lib\milagro-crypto-c\include\amcl.h">
      <Filter>lib\milagro-crypto-c\include</Filter>
    </ClInclude>
    <ClInclude Include="..\lib\milagro-crypto-c\include\arch.h">
      <Filter>lib\milagro-crypto-c\include</Filter>
    </ClInclude>
    <ClInclude Include="..\lib\milagro-crypto-c\include\config.h">
      <Filter>lib\milagro-crypto-c\include</Filter>
    </ClInclude>
    <ClInclude Include="..\lib\milagro-crypto-c\include\ecdh.h">
      <Filter>lib\milagro-crypto-c\include</Filter>
    </ClInclude>
    <ClInclude Include="..\lib\milagro-crypto-c\include\mpin.h">
      <Filter>lib\milagro-crypto-c\include</Filter>
    </ClInclude>
    <ClInclude Include="..\lib\milagro-crypto-c\include\randapi.h">
      <Filter>lib\milagro-crypto-c\include</Filter>
    </ClInclude>
    <ClInclude Include="..\lib\milagro-crypto-c\include\rsa.h">
      <Filter>lib\milagro-crypto-c\include</Filter>
    </ClInclude>
    <ClInclude Include="..\lib\milagro-crypto-c\include\utils.h">
      <Filter>lib\milagro-crypto-c\include</Filter>
    </ClInclude>
    <ClInclude Include="..\lib\milagro-crypto-c\include\version.h">
      <Filter>lib\milagro-crypto-c\include</Filter>
    </ClInclude>
    <ClInclude Include="..\lib\milagro-crypto-c\include\wcc.h">
      <Filter>lib\milagro-crypto-c\include</Filter>
    </ClInclude>
    <ClInclude Include="..\lib\milagro-crypto-c\include\x509.h">
      <Filter>lib\milagro-crypto-c\include</Filter>
    </ClInclude>
    <ClInclude Include="..\lib\paho.mqtt.embedded-c-master\MQTTClient\src\FP.h">
      <Filter>lib\paho.mqtt.embedded\MQTTClient</Filter>
    </ClInclude>
    <ClInclude Include="..\lib\paho.mqtt.embedded-c-master\MQTTClient\src\MQTTClient.h">
      <Filter>lib\paho.mqtt.embedded\MQTTClient</Filter>
    </ClInclude>
    <ClInclude Include="..\lib\paho.mqtt.embedded-c-master\MQTTClient\src\MQTTLogging.h">
      <Filter>lib\paho.mqtt.embedded\MQTTClient</Filter>
    </ClInclude>
    <ClInclude Include="..\lib\paho.mqtt.embedded-c-master\MQTTPacket\src\MQTTConnect.h">
      <Filter>lib\paho.mqtt.embedded\MQTTPacket</Filter>
    </ClInclude>
    <ClInclude Include="..\lib\paho.mqtt.embedded-c-master\MQTTPacket\src\MQTTFormat.h">
      <Filter>lib\paho.mqtt.embedded\MQTTPacket</Filter>
    </ClInclude>
    <ClInclude Include="..\lib\paho.mqtt.embedded-c-master\MQTTPacket\src\MQTTPacket.h">
      <Filter>lib\paho.mqtt.embedded\MQTTPacket</Filter>
    </ClInclude>
    <ClInclude Include="..\lib\paho.mqtt.embedded-c-master\MQTTPacket\src\MQTTPublish.h">
      <Filter>lib\paho.mqtt.embedded\MQTTPacket</Filter>
    </ClInclude>
    <ClInclude Include="..\lib\paho.mqtt.embedded-c-master\MQTTPacket\src\MQTTSubscribe.h">
      <Filter>lib\paho.mqtt.embedded\MQTTPacket</Filter>
    </ClInclude>
    <ClInclude Include="..\lib\paho.mqtt.embedded-c-master\MQTTPacket\src\MQTTUnsubscribe.h">
      <Filter>lib\paho.mqtt.embedded\MQTTPacket</Filter>
    </ClInclude>
    <ClInclude Include="..\lib\paho.mqtt.embedded-c-master\MQTTPacket\src\StackTrace.h">
      <Filter>lib\paho.mqtt.embedded\MQTTPacket</Filter>
    </ClInclude>
    <ClInclude Include="..\src\mqtt_tls_client.h">
      <Filter>src</Filter>
    </ClInclude>
    <ClInclude Include="..\src\utils.h">
      <Filter>src</Filter>
    </ClInclude>
    <ClInclude Include="..\src\crypto.h">
      <Filter>src</Filter>
    </ClInclude>
    <ClInclude Include="..\src\exception.h">
      <Filter>src</Filter>
    </ClInclude>
    <ClInclude Include="..\src\mpin_full.h">
      <Filter>src</Filter>
    </ClInclude>
    <ClInclude Include="..\include\iot\client.h">
      <Filter>include\iot</Filter>
    </ClInclude>
    <ClInclude Include="..\tests\iot_client\flags.h">
      <Filter>tests\iot_client</Filter>
    </ClInclude>
    <ClInclude Include="..\lib\cajun-2.0.2\json.h">
      <Filter>lib\cajun</Filter>
    </ClInclude>
    <ClInclude Include="..\lib\milagro-crypto-c\include\sok.h">
      <Filter>lib\milagro-crypto-c\include</Filter>
    </ClInclude>
    <ClInclude Include="..\lib\netlib\include\net\common.h">
      <Filter>lib\netlib\include</Filter>
    </ClInclude>
    <ClInclude Include="..\lib\netlib\include\net\http_client.h">
      <Filter>lib\netlib\include</Filter>
    </ClInclude>
    <ClInclude Include="..\lib\netlib\include\net\tcp_connection.h">
      <Filter>lib\netlib\include</Filter>
    </ClInclude>
    <ClInclude Include="..\lib\netlib\include\net\tls_connection.h">
      <Filter>lib\netlib\include</Filter>
    </ClInclude>
    <ClInclude Include="..\lib\netlib\include\net\x509.h">
      <Filter>lib\netlib\include</Filter>
    </ClInclude>
    <ClInclude Include="..\lib\netlib\src\http_response_parser.h">
      <Filter>lib\netlib\src</Filter>
    </ClInclude>
    <ClInclude Include="..\lib\netlib\src\utils.h">
      <Filter>lib\netlib\src</Filter>
    </ClInclude>
    <ClInclude Include="..\lib\netlib\lib\http-parser-2.7.1\http_parser.h">
      <Filter>lib\netlib\lib\http_parser</Filter>
    </ClInclude>
    <ClInclude Include="..\lib\netlib\lib\mbedtls-2.4.2\include\mbedtls\aes.h">
      <Filter>lib\netlib\lib\mbedtls\include</Filter>
    </ClInclude>
    <ClInclude Include="..\lib\netlib\lib\mbedtls-2.4.2\include\mbedtls\aesni.h">
      <Filter>lib\netlib\lib\mbedtls\include</Filter>
    </ClInclude>
    <ClInclude Include="..\lib\netlib\lib\mbedtls-2.4.2\include\mbedtls\arc4.h">
      <Filter>lib\netlib\lib\mbedtls\include</Filter>
    </ClInclude>
    <ClInclude Include="..\lib\netlib\lib\mbedtls-2.4.2\include\mbedtls\asn1.h">
      <Filter>lib\netlib\lib\mbedtls\include</Filter>
    </ClInclude>
    <ClInclude Include="..\lib\netlib\lib\mbedtls-2.4.2\include\mbedtls\asn1write.h">
      <Filter>lib\netlib\lib\mbedtls\include</Filter>
    </ClInclude>
    <ClInclude Include="..\lib\netlib\lib\mbedtls-2.4.2\include\mbedtls\base64.h">
      <Filter>lib\netlib\lib\mbedtls\include</Filter>
    </ClInclude>
    <ClInclude Include="..\lib\netlib\lib\mbedtls-2.4.2\include\mbedtls\bignum.h">
      <Filter>lib\netlib\lib\mbedtls\include</Filter>
    </ClInclude>
    <ClInclude Include="..\lib\netlib\lib\mbedtls-2.4.2\include\mbedtls\blowfish.h">
      <Filter>lib\netlib\lib\mbedtls\include</Filter>
    </ClInclude>
    <ClInclude Include="..\lib\netlib\lib\mbedtls-2.4.2\include\mbedtls\bn_mul.h">
      <Filter>lib\netlib\lib\mbedtls\include</Filter>
    </ClInclude>
    <ClInclude Include="..\lib\netlib\lib\mbedtls-2.4.2\include\mbedtls\camellia.h">
      <Filter>lib\netlib\lib\mbedtls\include</Filter>
    </ClInclude>
    <ClInclude Include="..\lib\netlib\lib\mbedtls-2.4.2\include\mbedtls\ccm.h">
      <Filter>lib\netlib\lib\mbedtls\include</Filter>
    </ClInclude>
    <ClInclude Include="..\lib\netlib\lib\mbedtls-2.4.2\include\mbedtls\certs.h">
      <Filter>lib\netlib\lib\mbedtls\include</Filter>
    </ClInclude>
    <ClInclude Include="..\lib\netlib\lib\mbedtls-2.4.2\include\mbedtls\check_config.h">
      <Filter>lib\netlib\lib\mbedtls\include</Filter>
    </ClInclude>
    <ClInclude Include="..\lib\netlib\lib\mbedtls-2.4.2\include\mbedtls\cipher.h">
      <Filter>lib\netlib\lib\mbedtls\include</Filter>
    </ClInclude>
    <ClInclude Include="..\lib\netlib\lib\mbedtls-2.4.2\include\mbedtls\cipher_internal.h">
      <Filter>lib\netlib\lib\mbedtls\include</Filter>
    </ClInclude>
    <ClInclude Include="..\lib\netlib\lib\mbedtls-2.4.2\include\mbedtls\cmac.h">
      <Filter>lib\netlib\lib\mbedtls\include</Filter>
    </ClInclude>
    <ClInclude Include="..\lib\netlib\lib\mbedtls-2.4.2\include\mbedtls\compat-1.3.h">
      <Filter>lib\netlib\lib\mbedtls\include</Filter>
    </ClInclude>
    <ClInclude Include="..\lib\netlib\lib\mbedtls-2.4.2\include\mbedtls\config.h">
      <Filter>lib\netlib\lib\mbedtls\include</Filter>
    </ClInclude>
    <ClInclude Include="..\lib\netlib\lib\mbedtls-2.4.2\include\mbedtls\ctr_drbg.h">
      <Filter>lib\netlib\lib\mbedtls\include</Filter>
    </ClInclude>
    <ClInclude Include="..\lib\netlib\lib\mbedtls-2.4.2\include\mbedtls\debug.h">
      <Filter>lib\netlib\lib\mbedtls\include</Filter>
    </ClInclude>
    <ClInclude Include="..\lib\netlib\lib\mbedtls-2.4.2\include\mbedtls\des.h">
      <Filter>lib\netlib\lib\mbedtls\include</Filter>
    </ClInclude>
    <ClInclude Include="..\lib\netlib\lib\mbedtls-2.4.2\include\mbedtls\dhm.h">
      <Filter>lib\netlib\lib\mbedtls\include</Filter>
    </ClInclude>
    <ClInclude Include="..\lib\netlib\lib\mbedtls-2.4.2\include\mbedtls\ecdh.h">
      <Filter>lib\netlib\lib\mbedtls\include</Filter>
    </ClInclude>
    <ClInclude Include="..\lib\netlib\lib\mbedtls-2.4.2\include\mbedtls\ecdsa.h">
      <Filter>lib\netlib\lib\mbedtls\include</Filter>
    </ClInclude>
    <ClInclude Include="..\lib\netlib\lib\mbedtls-2.4.2\include\mbedtls\ecjpake.h">
      <Filter>lib\netlib\lib\mbedtls\include</Filter>
    </ClInclude>
    <ClInclude Include="..\lib\netlib\lib\mbedtls-2.4.2\include\mbedtls\ecp.h">
      <Filter>lib\netlib\lib\mbedtls\include</Filter>
    </ClInclude>
    <ClInclude Include="..\lib\netlib\lib\mbedtls-2.4.2\include\mbedtls\entropy.h">
      <Filter>lib\netlib\lib\mbedtls\include</Filter>
    </ClInclude>
    <ClInclude Include="..\lib\netlib\lib\mbedtls-2.4.2\include\mbedtls\entropy_poll.h">
      <Filter>lib\netlib\lib\mbedtls\include</Filter>
    </ClInclude>
    <ClInclude Include="..\lib\netlib\lib\mbedtls-2.4.2\include\mbedtls\error.h">
      <Filter>lib\netlib\lib\mbedtls\include</Filter>
    </ClInclude>
    <ClInclude Include="..\lib\netlib\lib\mbedtls-2.4.2\include\mbedtls\gcm.h">
      <Filter>lib\netlib\lib\mbedtls\include</Filter>
    </ClInclude>
    <ClInclude Include="..\lib\netlib\lib\mbedtls-2.4.2\include\mbedtls\havege.h">
      <Filter>lib\netlib\lib\mbedtls\include</Filter>
    </ClInclude>
    <ClInclude Include="..\lib\netlib\lib\mbedtls-2.4.2\include\mbedtls\hmac_drbg.h">
      <Filter>lib\netlib\lib\mbedtls\include</Filter>
    </ClInclude>
    <ClInclude Include="..\lib\netlib\lib\mbedtls-2.4.2\include\mbedtls\md.h">
      <Filter>lib\netlib\lib\mbedtls\include</Filter>
    </ClInclude>
    <ClInclude Include="..\lib\netlib\lib\mbedtls-2.4.2\include\mbedtls\md_internal.h">
      <Filter>lib\netlib\lib\mbedtls\include</Filter>
    </ClInclude>
    <ClInclude Include="..\lib\netlib\lib\mbedtls-2.4.2\include\mbedtls\md2.h">
      <Filter>lib\netlib\lib\mbedtls\include</Filter>
    </ClInclude>
    <ClInclude Include="..\lib\netlib\lib\mbedtls-2.4.2\include\mbedtls\md4.h">
      <Filter>lib\netlib\lib\mbedtls\include</Filter>
    </ClInclude>
    <ClInclude Include="..\lib\netlib\lib\mbedtls-2.4.2\include\mbedtls\md5.h">
      <Filter>lib\netlib\lib\mbedtls\include</Filter>
    </ClInclude>
    <ClInclude Include="..\lib\netlib\lib\mbedtls-2.4.2\include\mbedtls\memory_buffer_alloc.h">
      <Filter>lib\netlib\lib\mbedtls\include</Filter>
    </ClInclude>
    <ClInclude Include="..\lib\netlib\lib\mbedtls-2.4.2\include\mbedtls\net.h">
      <Filter>lib\netlib\lib\mbedtls\include</Filter>
    </ClInclude>
    <ClInclude Include="..\lib\netlib\lib\mbedtls-2.4.2\include\mbedtls\net_sockets.h">
      <Filter>lib\netlib\lib\mbedtls\include</Filter>
    </ClInclude>
    <ClInclude Include="..\lib\netlib\lib\mbedtls-2.4.2\include\mbedtls\oid.h">
      <Filter>lib\netlib\lib\mbedtls\include</Filter>
    </ClInclude>
    <ClInclude Include="..\lib\netlib\lib\mbedtls-2.4.2\include\mbedtls\padlock.h">
      <Filter>lib\netlib\lib\mbedtls\include</Filter>
    </ClInclude>
    <ClInclude Include="..\lib\netlib\lib\mbedtls-2.4.2\include\mbedtls\pem.h">
      <Filter>lib\netlib\lib\mbedtls\include</Filter>
    </ClInclude>
    <ClInclude Include="..\lib\netlib\lib\mbedtls-2.4.2\include\mbedtls\pk.h">
      <Filter>lib\netlib\lib\mbedtls\include</Filter>
    </ClInclude>
    <ClInclude Include="..\lib\netlib\lib\mbedtls-2.4.2\include\mbedtls\pk_internal.h">
      <Filter>lib\netlib\lib\mbedtls\include</Filter>
    </ClInclude>
    <ClInclude Include="..\lib\netlib\lib\mbedtls-2.4.2\include\mbedtls\pkcs5.h">
      <Filter>lib\netlib\lib\mbedtls\include</Filter>
    </ClInclude>
    <ClInclude Include="..\lib\netlib\lib\mbedtls-2.4.2\include\mbedtls\pkcs11.h">
      <Filter>lib\netlib\lib\mbedtls\include</Filter>
    </ClInclude>
    <ClInclude Include="..\lib\netlib\lib\mbedtls-2.4.2\include\mbedtls\pkcs12.h">
      <Filter>lib\netlib\lib\mbedtls\include</Filter>
    </ClInclude>
    <ClInclude Include="..\lib\netlib\lib\mbedtls-2.4.2\include\mbedtls\platform.h">
      <Filter>lib\netlib\lib\mbedtls\include</Filter>
    </ClInclude>
    <ClInclude Include="..\lib\netlib\lib\mbedtls-2.4.2\include\mbedtls\platform_time.h">
      <Filter>lib\netlib\lib\mbedtls\include</Filter>
    </ClInclude>
    <ClInclude Include="..\lib\netlib\lib\mbedtls-2.4.2\include\mbedtls\ripemd160.h">
      <Filter>lib\netlib\lib\mbedtls\include</Filter>
    </ClInclude>
    <ClInclude Include="..\lib\netlib\lib\mbedtls-2.4.2\include\mbedtls\rsa.h">
      <Filter>lib\netlib\lib\mbedtls\include</Filter>
    </ClInclude>
    <ClInclude Include="..\lib\netlib\lib\mbedtls-2.4.2\include\mbedtls\sha1.h">
      <Filter>lib\netlib\lib\mbedtls\include</Filter>
    </ClInclude>
    <ClInclude Include="..\lib\netlib\lib\mbedtls-2.4.2\include\mbedtls\sha256.h">
      <Filter>lib\netlib\lib\mbedtls\include</Filter>
    </ClInclude>
    <ClInclude Include="..\lib\netlib\lib\mbedtls-2.4.2\include\mbedtls\sha512.h">
      <Filter>lib\netlib\lib\mbedtls\include</Filter>
    </ClInclude>
    <ClInclude Include="..\lib\netlib\lib\mbedtls-2.4.2\include\mbedtls\ssl.h">
      <Filter>lib\netlib\lib\mbedtls\include</Filter>
    </ClInclude>
    <ClInclude Include="..\lib\netlib\lib\mbedtls-2.4.2\include\mbedtls\ssl_cache.h">
      <Filter>lib\netlib\lib\mbedtls\include</Filter>
    </ClInclude>
    <ClInclude Include="..\lib\netlib\lib\mbedtls-2.4.2\include\mbedtls\ssl_ciphersuites.h">
      <Filter>lib\netlib\lib\mbedtls\include</Filter>
    </ClInclude>
    <ClInclude Include="..\lib\netlib\lib\mbedtls-2.4.2\include\mbedtls\ssl_cookie.h">
      <Filter>lib\netlib\lib\mbedtls\include</Filter>
    </ClInclude>
    <ClInclude Include="..\lib\netlib\lib\mbedtls-2.4.2\include\mbedtls\ssl_internal.h">
      <Filter>lib\netlib\lib\mbedtls\include</Filter>
    </ClInclude>
    <ClInclude Include="..\lib\netlib\lib\mbedtls-2.4.2\include\mbedtls\ssl_ticket.h">
      <Filter>lib\netlib\lib\mbedtls\include</Filter>
    </ClInclude>
    <ClInclude Include="..\lib\netlib\lib\mbedtls-2.4.2\include\mbedtls\threading.h">
      <Filter>lib\netlib\lib\mbedtls\include</Filter>
    </ClInclude>
    <ClInclude Include="..\lib\netlib\lib\mbedtls-2.4.2\include\mbedtls\timing.h">
      <Filter>lib\netlib\lib\mbedtls\include</Filter>
    </ClInclude>
    <ClInclude Include="..\lib\netlib\lib\mbedtls-2.4.2\include\mbedtls\version.h">
      <Filter>lib\netlib\lib\mbedtls\include</Filter>
    </ClInclude>
    <ClInclude Include="..\lib\netlib\lib\mbedtls-2.4.2\include\mbedtls\x509.h">
      <Filter>lib\netlib\lib\mbedtls\include</Filter>
    </ClInclude>
    <ClInclude Include="..\lib\netlib\lib\mbedtls-2.4.2\include\mbedtls\x509_crl.h">
      <Filter>lib\netlib\lib\mbedtls\include</Filter>
    </ClInclude>
    <ClInclude Include="..\lib\netlib\lib\mbedtls-2.4.2\include\mbedtls\x509_crt.h">
      <Filter>lib\netlib\lib\mbedtls\include</Filter>
    </ClInclude>
    <ClInclude Include="..\lib\netlib\lib\mbedtls-2.4.2\include\mbedtls\x509_csr.h">
      <Filter>lib\netlib\lib\mbedtls\include</Filter>
    </ClInclude>
    <ClInclude Include="..\lib\netlib\lib\mbedtls-2.4.2\include\mbedtls\xtea.h">
      <Filter>lib\netlib\lib\mbedtls\include</Filter>
    </ClInclude>
  </ItemGroup>
  <ItemGroup>
    <None Include="..\lib\cajun-2.0.2\json\elements.inl">
      <Filter>lib\cajun\json</Filter>
    </None>
    <None Include="..\lib\cajun-2.0.2\json\reader.inl">
      <Filter>lib\cajun\json</Filter>
    </None>
    <None Include="..\lib\cajun-2.0.2\json\writer.inl">
      <Filter>lib\cajun\json</Filter>
    </None>
    <None Include="..\Makefile" />
    <None Include="..\tools\sok_keygen\Makefile">
      <Filter>tools\sok_keygen</Filter>
    </None>
  </ItemGroup>
</Project>