<?xml version="1.0" encoding="utf-8"?>
<Project ToolsVersion="4.0" xmlns="http://schemas.microsoft.com/developer/msbuild/2003">
  <ItemGroup>
    <Filter Include="src">
      <UniqueIdentifier>{89e2bc17-9840-40e4-9e30-a8978e4c888b}</UniqueIdentifier>
    </Filter>
    <Filter Include="include">
      <UniqueIdentifier>{87008d04-ae95-4221-9145-96c8d6e564ba}</UniqueIdentifier>
    </Filter>
    <Filter Include="include\iot">
      <UniqueIdentifier>{bb6066e7-1bb9-4514-afbb-ba692c2db19b}</UniqueIdentifier>
    </Filter>
    <Filter Include="lib">
      <UniqueIdentifier>{40d57827-48f8-425d-9b17-15a0f3243f85}</UniqueIdentifier>
    </Filter>
    <Filter Include="lib\cajun">
      <UniqueIdentifier>{96a32eef-b5f8-4e4a-90db-7d888edaeca1}</UniqueIdentifier>
    </Filter>
    <Filter Include="lib\cajun\json">
      <UniqueIdentifier>{6a12f500-d1fc-4d4b-b08d-c0bac923895f}</UniqueIdentifier>
    </Filter>
    <Filter Include="lib\cajun\utf8">
      <UniqueIdentifier>{d944a487-a135-4a74-8864-d61414299336}</UniqueIdentifier>
    </Filter>
    <Filter Include="lib\fmt">
      <UniqueIdentifier>{5f0abbaf-d176-4735-a659-1bbab250eea2}</UniqueIdentifier>
    </Filter>
    <Filter Include="lib\milagro-crypto-c">
      <UniqueIdentifier>{405c2cf0-d055-4234-adb7-a73333b4c753}</UniqueIdentifier>
    </Filter>
    <Filter Include="lib\milagro-crypto-c\include">
      <UniqueIdentifier>{c7bffcac-0ca6-4913-9beb-a606de0642ba}</UniqueIdentifier>
    </Filter>
    <Filter Include="lib\milagro-crypto-c\src">
      <UniqueIdentifier>{627b6fd1-f8e4-44dd-985a-6908703dad2d}</UniqueIdentifier>
    </Filter>
    <Filter Include="lib\make_utils">
      <UniqueIdentifier>{2bb4128e-084a-4cfd-a35e-bc75bbeca749}</UniqueIdentifier>
    </Filter>
    <Filter Include="lib\netlib">
      <UniqueIdentifier>{ae91609d-1df2-4221-8c22-4be38b818606}</UniqueIdentifier>
    </Filter>
    <Filter Include="lib\netlib\include">
      <UniqueIdentifier>{e12f9fe4-f335-4440-9ca7-77dda299c197}</UniqueIdentifier>
    </Filter>
    <Filter Include="lib\netlib\include\net">
      <UniqueIdentifier>{7caae2fa-0eb2-411e-960c-fc372c13b6b4}</UniqueIdentifier>
    </Filter>
    <Filter Include="lib\netlib\src">
      <UniqueIdentifier>{3cfe0325-49b7-4994-ad1e-99b77877d564}</UniqueIdentifier>
    </Filter>
    <Filter Include="lib\netlib\lib">
      <UniqueIdentifier>{66813c80-a6ab-4c6a-a7cb-7a412f16c669}</UniqueIdentifier>
    </Filter>
    <Filter Include="lib\netlib\lib\http_parser">
      <UniqueIdentifier>{de9030ab-db8a-4b06-9b24-fd619b501298}</UniqueIdentifier>
    </Filter>
    <Filter Include="lib\netlib\lib\mbedtls">
      <UniqueIdentifier>{a42a6376-5389-46ee-864c-68eec2fcd2dd}</UniqueIdentifier>
    </Filter>
    <Filter Include="lib\netlib\lib\mbedtls\include">
      <UniqueIdentifier>{2f00595d-217b-4ac3-9eed-981c2c2b738c}</UniqueIdentifier>
    </Filter>
    <Filter Include="lib\netlib\lib\mbedtls\src">
      <UniqueIdentifier>{f14f718f-d990-48a0-9dbd-92a78a625e91}</UniqueIdentifier>
    </Filter>
    <Filter Include="lib\paho.mqtt.embedded">
      <UniqueIdentifier>{c80ff0be-c98b-4f0a-9ffb-0188804c15a7}</UniqueIdentifier>
    </Filter>
    <Filter Include="lib\paho.mqtt.embedded\MQTTClient">
      <UniqueIdentifier>{48a28663-aeb7-4938-9997-7724689c8364}</UniqueIdentifier>
    </Filter>
    <Filter Include="lib\paho.mqtt.embedded\MQTTPacket">
      <UniqueIdentifier>{30399d94-efc7-433b-9715-da86b388395c}</UniqueIdentifier>
    </Filter>
  </ItemGroup>
  <ItemGroup>
    <ClCompile Include="..\src\client.cpp">
      <Filter>src</Filter>
    </ClCompile>
    <ClCompile Include="..\src\crypto.cpp">
      <Filter>src</Filter>
    </ClCompile>
    <ClCompile Include="..\src\exception.cpp">
      <Filter>src</Filter>
    </ClCompile>
    <ClCompile Include="..\src\mpin_full.cpp">
      <Filter>src</Filter>
    </ClCompile>
    <ClCompile Include="..\src\mqtt_tls_client.cpp">
      <Filter>src</Filter>
    </ClCompile>
    <ClCompile Include="..\src\timer.cpp">
      <Filter>src</Filter>
    </ClCompile>
    <ClCompile Include="..\src\utils.cpp">
      <Filter>src</Filter>
    </ClCompile>
    <ClCompile Include="..\lib\fmt-3.0.1\fmt\format.cc">
      <Filter>lib\fmt</Filter>
    </ClCompile>
    <ClCompile Include="..\lib\fmt-3.0.1\fmt\ostream.cc">
      <Filter>lib\fmt</Filter>
    </ClCompile>
    <ClCompile Include="..\lib\milagro-crypto-c\src\aes.c">
      <Filter>lib\milagro-crypto-c\src</Filter>
    </ClCompile>
    <ClCompile Include="..\lib\milagro-crypto-c\src\big.c">
      <Filter>lib\milagro-crypto-c\src</Filter>
    </ClCompile>
    <ClCompile Include="..\lib\milagro-crypto-c\src\ecp.c">
      <Filter>lib\milagro-crypto-c\src</Filter>
    </ClCompile>
    <ClCompile Include="..\lib\milagro-crypto-c\src\ecp2.c">
      <Filter>lib\milagro-crypto-c\src</Filter>
    </ClCompile>
    <ClCompile Include="..\lib\milagro-crypto-c\src\ff.c">
      <Filter>lib\milagro-crypto-c\src</Filter>
    </ClCompile>
    <ClCompile Include="..\lib\milagro-crypto-c\src\fp.c">
      <Filter>lib\milagro-crypto-c\src</Filter>
    </ClCompile>
    <ClCompile Include="..\lib\milagro-crypto-c\src\fp2.c">
      <Filter>lib\milagro-crypto-c\src</Filter>
    </ClCompile>
    <ClCompile Include="..\lib\milagro-crypto-c\src\fp4.c">
      <Filter>lib\milagro-crypto-c\src</Filter>
    </ClCompile>
    <ClCompile Include="..\lib\milagro-crypto-c\src\fp12.c">
      <Filter>lib\milagro-crypto-c\src</Filter>
    </ClCompile>
    <ClCompile Include="..\lib\milagro-crypto-c\src\gcm.c">
      <Filter>lib\milagro-crypto-c\src</Filter>
    </ClCompile>
    <ClCompile Include="..\lib\milagro-crypto-c\src\hash.c">
      <Filter>lib\milagro-crypto-c\src</Filter>
    </ClCompile>
    <ClCompile Include="..\lib\milagro-crypto-c\src\mpin.c">
      <Filter>lib\milagro-crypto-c\src</Filter>
    </ClCompile>
    <ClCompile Include="..\lib\milagro-crypto-c\src\pair.c">
      <Filter>lib\milagro-crypto-c\src</Filter>
    </ClCompile>
    <ClCompile Include="..\lib\milagro-crypto-c\src\rand.c">
      <Filter>lib\milagro-crypto-c\src</Filter>
    </ClCompile>
    <ClCompile Include="..\lib\milagro-crypto-c\src\randapi.c">
      <Filter>lib\milagro-crypto-c\src</Filter>
    </ClCompile>
    <ClCompile Include="..\lib\milagro-crypto-c\src\rom.c">
      <Filter>lib\milagro-crypto-c\src</Filter>
    </ClCompile>
    <ClCompile Include="..\lib\milagro-crypto-c\src\sok.c">
      <Filter>lib\milagro-crypto-c\src</Filter>
    </ClCompile>
    <ClCompile Include="..\lib\netlib\src\common.cpp">
      <Filter>lib\netlib\src</Filter>
    </ClCompile>
    <ClCompile Include="..\lib\netlib\src\http_client.cpp">
      <Filter>lib\netlib\src</Filter>
    </ClCompile>
    <ClCompile Include="..\lib\netlib\src\http_response_parser.cpp">
      <Filter>lib\netlib\src</Filter>
    </ClCompile>
    <ClCompile Include="..\lib\netlib\src\tcp_connection.cpp">
      <Filter>lib\netlib\src</Filter>
    </ClCompile>
    <ClCompile Include="..\lib\netlib\src\tls_connection.cpp">
      <Filter>lib\netlib\src</Filter>
    </ClCompile>
    <ClCompile Include="..\lib\netlib\src\utils.cpp">
      <Filter>lib\netlib\src</Filter>
    </ClCompile>
    <ClCompile Include="..\lib\netlib\src\x509.cpp">
      <Filter>lib\netlib\src</Filter>
    </ClCompile>
    <ClCompile Include="..\lib\netlib\lib\http-parser-2.7.1\http_parser.c">
      <Filter>lib\netlib\lib\http_parser</Filter>
    </ClCompile>
    <ClCompile Include="..\lib\netlib\lib\mbedtls-2.4.2\library\aes.c">
      <Filter>lib\netlib\lib\mbedtls\src</Filter>
    </ClCompile>
    <ClCompile Include="..\lib\netlib\lib\mbedtls-2.4.2\library\aesni.c">
      <Filter>lib\netlib\lib\mbedtls\src</Filter>
    </ClCompile>
    <ClCompile Include="..\lib\netlib\lib\mbedtls-2.4.2\library\arc4.c">
      <Filter>lib\netlib\lib\mbedtls\src</Filter>
    </ClCompile>
    <ClCompile Include="..\lib\netlib\lib\mbedtls-2.4.2\library\asn1parse.c">
      <Filter>lib\netlib\lib\mbedtls\src</Filter>
    </ClCompile>
    <ClCompile Include="..\lib\netlib\lib\mbedtls-2.4.2\library\asn1write.c">
      <Filter>lib\netlib\lib\mbedtls\src</Filter>
    </ClCompile>
    <ClCompile Include="..\lib\netlib\lib\mbedtls-2.4.2\library\base64.c">
      <Filter>lib\netlib\lib\mbedtls\src</Filter>
    </ClCompile>
    <ClCompile Include="..\lib\netlib\lib\mbedtls-2.4.2\library\bignum.c">
      <Filter>lib\netlib\lib\mbedtls\src</Filter>
    </ClCompile>
    <ClCompile Include="..\lib\netlib\lib\mbedtls-2.4.2\library\blowfish.c">
      <Filter>lib\netlib\lib\mbedtls\src</Filter>
    </ClCompile>
    <ClCompile Include="..\lib\netlib\lib\mbedtls-2.4.2\library\camellia.c">
      <Filter>lib\netlib\lib\mbedtls\src</Filter>
    </ClCompile>
    <ClCompile Include="..\lib\netlib\lib\mbedtls-2.4.2\library\ccm.c">
      <Filter>lib\netlib\lib\mbedtls\src</Filter>
    </ClCompile>
    <ClCompile Include="..\lib\netlib\lib\mbedtls-2.4.2\library\certs.c">
      <Filter>lib\netlib\lib\mbedtls\src</Filter>
    </ClCompile>
    <ClCompile Include="..\lib\netlib\lib\mbedtls-2.4.2\library\cipher.c">
      <Filter>lib\netlib\lib\mbedtls\src</Filter>
    </ClCompile>
    <ClCompile Include="..\lib\netlib\lib\mbedtls-2.4.2\library\cipher_wrap.c">
      <Filter>lib\netlib\lib\mbedtls\src</Filter>
    </ClCompile>
    <ClCompile Include="..\lib\netlib\lib\mbedtls-2.4.2\library\cmac.c">
      <Filter>lib\netlib\lib\mbedtls\src</Filter>
    </ClCompile>
    <ClCompile Include="..\lib\netlib\lib\mbedtls-2.4.2\library\ctr_drbg.c">
      <Filter>lib\netlib\lib\mbedtls\src</Filter>
    </ClCompile>
    <ClCompile Include="..\lib\netlib\lib\mbedtls-2.4.2\library\debug.c">
      <Filter>lib\netlib\lib\mbedtls\src</Filter>
    </ClCompile>
    <ClCompile Include="..\lib\netlib\lib\mbedtls-2.4.2\library\des.c">
      <Filter>lib\netlib\lib\mbedtls\src</Filter>
    </ClCompile>
    <ClCompile Include="..\lib\netlib\lib\mbedtls-2.4.2\library\dhm.c">
      <Filter>lib\netlib\lib\mbedtls\src</Filter>
    </ClCompile>
    <ClCompile Include="..\lib\netlib\lib\mbedtls-2.4.2\library\ecdh.c">
      <Filter>lib\netlib\lib\mbedtls\src</Filter>
    </ClCompile>
    <ClCompile Include="..\lib\netlib\lib\mbedtls-2.4.2\library\ecdsa.c">
      <Filter>lib\netlib\lib\mbedtls\src</Filter>
    </ClCompile>
    <ClCompile Include="..\lib\netlib\lib\mbedtls-2.4.2\library\ecjpake.c">
      <Filter>lib\netlib\lib\mbedtls\src</Filter>
    </ClCompile>
    <ClCompile Include="..\lib\netlib\lib\mbedtls-2.4.2\library\ecp.c">
      <Filter>lib\netlib\lib\mbedtls\src</Filter>
    </ClCompile>
    <ClCompile Include="..\lib\netlib\lib\mbedtls-2.4.2\library\ecp_curves.c">
      <Filter>lib\netlib\lib\mbedtls\src</Filter>
    </ClCompile>
    <ClCompile Include="..\lib\netlib\lib\mbedtls-2.4.2\library\entropy.c">
      <Filter>lib\netlib\lib\mbedtls\src</Filter>
    </ClCompile>
    <ClCompile Include="..\lib\netlib\lib\mbedtls-2.4.2\library\entropy_poll.c">
      <Filter>lib\netlib\lib\mbedtls\src</Filter>
    </ClCompile>
    <ClCompile Include="..\lib\netlib\lib\mbedtls-2.4.2\library\error.c">
      <Filter>lib\netlib\lib\mbedtls\src</Filter>
    </ClCompile>
    <ClCompile Include="..\lib\netlib\lib\mbedtls-2.4.2\library\gcm.c">
      <Filter>lib\netlib\lib\mbedtls\src</Filter>
    </ClCompile>
    <ClCompile Include="..\lib\netlib\lib\mbedtls-2.4.2\library\havege.c">
      <Filter>lib\netlib\lib\mbedtls\src</Filter>
    </ClCompile>
    <ClCompile Include="..\lib\netlib\lib\mbedtls-2.4.2\library\hmac_drbg.c">
      <Filter>lib\netlib\lib\mbedtls\src</Filter>
    </ClCompile>
    <ClCompile Include="..\lib\netlib\lib\mbedtls-2.4.2\library\md.c">
      <Filter>lib\netlib\lib\mbedtls\src</Filter>
    </ClCompile>
    <ClCompile Include="..\lib\netlib\lib\mbedtls-2.4.2\library\md_wrap.c">
      <Filter>lib\netlib\lib\mbedtls\src</Filter>
    </ClCompile>
    <ClCompile Include="..\lib\netlib\lib\mbedtls-2.4.2\library\md2.c">
      <Filter>lib\netlib\lib\mbedtls\src</Filter>
    </ClCompile>
    <ClCompile Include="..\lib\netlib\lib\mbedtls-2.4.2\library\md4.c">
      <Filter>lib\netlib\lib\mbedtls\src</Filter>
    </ClCompile>
    <ClCompile Include="..\lib\netlib\lib\mbedtls-2.4.2\library\md5.c">
      <Filter>lib\netlib\lib\mbedtls\src</Filter>
    </ClCompile>
    <ClCompile Include="..\lib\netlib\lib\mbedtls-2.4.2\library\memory_buffer_alloc.c">
      <Filter>lib\netlib\lib\mbedtls\src</Filter>
    </ClCompile>
    <ClCompile Include="..\lib\netlib\lib\mbedtls-2.4.2\library\net_sockets.c">
      <Filter>lib\netlib\lib\mbedtls\src</Filter>
    </ClCompile>
    <ClCompile Include="..\lib\netlib\lib\mbedtls-2.4.2\library\oid.c">
      <Filter>lib\netlib\lib\mbedtls\src</Filter>
    </ClCompile>
    <ClCompile Include="..\lib\netlib\lib\mbedtls-2.4.2\library\padlock.c">
      <Filter>lib\netlib\lib\mbedtls\src</Filter>
    </ClCompile>
    <ClCompile Include="..\lib\netlib\lib\mbedtls-2.4.2\library\pem.c">
      <Filter>lib\netlib\lib\mbedtls\src</Filter>
    </ClCompile>
    <ClCompile Include="..\lib\netlib\lib\mbedtls-2.4.2\library\pk.c">
      <Filter>lib\netlib\lib\mbedtls\src</Filter>
    </ClCompile>
    <ClCompile Include="..\lib\netlib\lib\mbedtls-2.4.2\library\pk_wrap.c">
      <Filter>lib\netlib\lib\mbedtls\src</Filter>
    </ClCompile>
    <ClCompile Include="..\lib\netlib\lib\mbedtls-2.4.2\library\pkcs5.c">
      <Filter>lib\netlib\lib\mbedtls\src</Filter>
    </ClCompile>
    <ClCompile Include="..\lib\netlib\lib\mbedtls-2.4.2\library\pkcs11.c">
      <Filter>lib\netlib\lib\mbedtls\src</Filter>
    </ClCompile>
    <ClCompile Include="..\lib\netlib\lib\mbedtls-2.4.2\library\pkcs12.c">
      <Filter>lib\netlib\lib\mbedtls\src</Filter>
    </ClCompile>
    <ClCompile Include="..\lib\netlib\lib\mbedtls-2.4.2\library\pkparse.c">
      <Filter>lib\netlib\lib\mbedtls\src</Filter>
    </ClCompile>
    <ClCompile Include="..\lib\netlib\lib\mbedtls-2.4.2\library\pkwrite.c">
      <Filter>lib\netlib\lib\mbedtls\src</Filter>
    </ClCompile>
    <ClCompile Include="..\lib\netlib\lib\mbedtls-2.4.2\library\platform.c">
      <Filter>lib\netlib\lib\mbedtls\src</Filter>
    </ClCompile>
    <ClCompile Include="..\lib\netlib\lib\mbedtls-2.4.2\library\ripemd160.c">
      <Filter>lib\netlib\lib\mbedtls\src</Filter>
    </ClCompile>
    <ClCompile Include="..\lib\netlib\lib\mbedtls-2.4.2\library\rsa.c">
      <Filter>lib\netlib\lib\mbedtls\src</Filter>
    </ClCompile>
    <ClCompile Include="..\lib\netlib\lib\mbedtls-2.4.2\library\sha1.c">
      <Filter>lib\netlib\lib\mbedtls\src</Filter>
    </ClCompile>
    <ClCompile Include="..\lib\netlib\lib\mbedtls-2.4.2\library\sha256.c">
      <Filter>lib\netlib\lib\mbedtls\src</Filter>
    </ClCompile>
    <ClCompile Include="..\lib\netlib\lib\mbedtls-2.4.2\library\sha512.c">
      <Filter>lib\netlib\lib\mbedtls\src</Filter>
    </ClCompile>
    <ClCompile Include="..\lib\netlib\lib\mbedtls-2.4.2\library\ssl_cache.c">
      <Filter>lib\netlib\lib\mbedtls\src</Filter>
    </ClCompile>
    <ClCompile Include="..\lib\netlib\lib\mbedtls-2.4.2\library\ssl_ciphersuites.c">
      <Filter>lib\netlib\lib\mbedtls\src</Filter>
    </ClCompile>
    <ClCompile Include="..\lib\netlib\lib\mbedtls-2.4.2\library\ssl_cli.c">
      <Filter>lib\netlib\lib\mbedtls\src</Filter>
    </ClCompile>
    <ClCompile Include="..\lib\netlib\lib\mbedtls-2.4.2\library\ssl_cookie.c">
      <Filter>lib\netlib\lib\mbedtls\src</Filter>
    </ClCompile>
    <ClCompile Include="..\lib\netlib\lib\mbedtls-2.4.2\library\ssl_srv.c">
      <Filter>lib\netlib\lib\mbedtls\src</Filter>
    </ClCompile>
    <ClCompile Include="..\lib\netlib\lib\mbedtls-2.4.2\library\ssl_ticket.c">
      <Filter>lib\netlib\lib\mbedtls\src</Filter>
    </ClCompile>
    <ClCompile Include="..\lib\netlib\lib\mbedtls-2.4.2\library\ssl_tls.c">
      <Filter>lib\netlib\lib\mbedtls\src</Filter>
    </ClCompile>
    <ClCompile Include="..\lib\netlib\lib\mbedtls-2.4.2\library\threading.c">
      <Filter>lib\netlib\lib\mbedtls\src</Filter>
    </ClCompile>
    <ClCompile Include="..\lib\netlib\lib\mbedtls-2.4.2\library\timing.c">
      <Filter>lib\netlib\lib\mbedtls\src</Filter>
    </ClCompile>
    <ClCompile Include="..\lib\netlib\lib\mbedtls-2.4.2\library\version.c">
      <Filter>lib\netlib\lib\mbedtls\src</Filter>
    </ClCompile>
    <ClCompile Include="..\lib\netlib\lib\mbedtls-2.4.2\library\version_features.c">
      <Filter>lib\netlib\lib\mbedtls\src</Filter>
    </ClCompile>
    <ClCompile Include="..\lib\netlib\lib\mbedtls-2.4.2\library\x509.c">
      <Filter>lib\netlib\lib\mbedtls\src</Filter>
    </ClCompile>
    <ClCompile Include="..\lib\netlib\lib\mbedtls-2.4.2\library\x509_create.c">
      <Filter>lib\netlib\lib\mbedtls\src</Filter>
    </ClCompile>
    <ClCompile Include="..\lib\netlib\lib\mbedtls-2.4.2\library\x509_crl.c">
      <Filter>lib\netlib\lib\mbedtls\src</Filter>
    </ClCompile>
    <ClCompile Include="..\lib\netlib\lib\mbedtls-2.4.2\library\x509_crt.c">
      <Filter>lib\netlib\lib\mbedtls\src</Filter>
    </ClCompile>
    <ClCompile Include="..\lib\netlib\lib\mbedtls-2.4.2\library\x509_csr.c">
      <Filter>lib\netlib\lib\mbedtls\src</Filter>
    </ClCompile>
    <ClCompile Include="..\lib\netlib\lib\mbedtls-2.4.2\library\x509write_crt.c">
      <Filter>lib\netlib\lib\mbedtls\src</Filter>
    </ClCompile>
    <ClCompile Include="..\lib\netlib\lib\mbedtls-2.4.2\library\x509write_csr.c">
      <Filter>lib\netlib\lib\mbedtls\src</Filter>
    </ClCompile>
    <ClCompile Include="..\lib\netlib\lib\mbedtls-2.4.2\library\xtea.c">
      <Filter>lib\netlib\lib\mbedtls\src</Filter>
    </ClCompile>
    <ClCompile Include="..\lib\paho.mqtt.embedded-c-master\MQTTPacket\src\MQTTConnectClient.c">
      <Filter>lib\paho.mqtt.embedded\MQTTPacket</Filter>
    </ClCompile>
    <ClCompile Include="..\lib\paho.mqtt.embedded-c-master\MQTTPacket\src\MQTTConnectServer.c">
      <Filter>lib\paho.mqtt.embedded\MQTTPacket</Filter>
    </ClCompile>
    <ClCompile Include="..\lib\paho.mqtt.embedded-c-master\MQTTPacket\src\MQTTDeserializePublish.c">
      <Filter>lib\paho.mqtt.embedded\MQTTPacket</Filter>
    </ClCompile>
    <ClCompile Include="..\lib\paho.mqtt.embedded-c-master\MQTTPacket\src\MQTTFormat.c">
      <Filter>lib\paho.mqtt.embedded\MQTTPacket</Filter>
    </ClCompile>
    <ClCompile Include="..\lib\paho.mqtt.embedded-c-master\MQTTPacket\src\MQTTPacket.c">
      <Filter>lib\paho.mqtt.embedded\MQTTPacket</Filter>
    </ClCompile>
    <ClCompile Include="..\lib\paho.mqtt.embedded-c-master\MQTTPacket\src\MQTTSerializePublish.c">
      <Filter>lib\paho.mqtt.embedded\MQTTPacket</Filter>
    </ClCompile>
    <ClCompile Include="..\lib\paho.mqtt.embedded-c-master\MQTTPacket\src\MQTTSubscribeClient.c">
      <Filter>lib\paho.mqtt.embedded\MQTTPacket</Filter>
    </ClCompile>
    <ClCompile Include="..\lib\paho.mqtt.embedded-c-master\MQTTPacket\src\MQTTSubscribeServer.c">
      <Filter>lib\paho.mqtt.embedded\MQTTPacket</Filter>
    </ClCompile>
    <ClCompile Include="..\lib\paho.mqtt.embedded-c-master\MQTTPacket\src\MQTTUnsubscribeClient.c">
      <Filter>lib\paho.mqtt.embedded\MQTTPacket</Filter>
    </ClCompile>
    <ClCompile Include="..\lib\paho.mqtt.embedded-c-master\MQTTPacket\src\MQTTUnsubscribeServer.c">
      <Filter>lib\paho.mqtt.embedded\MQTTPacket</Filter>
    </ClCompile>
    <ClCompile Include="..\lib\milagro-crypto-c\src\oct.c">
      <Filter>lib\milagro-crypto-c\src</Filter>
    </ClCompile>
  </ItemGroup>
  <ItemGroup>
    <ClInclude Include="..\src\crypto.h">
      <Filter>src</Filter>
    </ClInclude>
    <ClInclude Include="..\src\exception.h">
      <Filter>src</Filter>
    </ClInclude>
    <ClInclude Include="..\src\mpin_full.h">
      <Filter>src</Filter>
    </ClInclude>
    <ClInclude Include="..\src\mqtt_tls_client.h">
      <Filter>src</Filter>
    </ClInclude>
    <ClInclude Include="..\src\timer.h">
      <Filter>src</Filter>
    </ClInclude>
    <ClInclude Include="..\src\utils.h">
      <Filter>src</Filter>
    </ClInclude>
    <ClInclude Include="..\include\iot\client.h">
      <Filter>include\iot</Filter>
    </ClInclude>
    <ClInclude Include="..\lib\cajun-2.0.2\json.h">
      <Filter>lib\cajun</Filter>
    </ClInclude>
    <ClInclude Include="..\lib\cajun-2.0.2\utf8.h">
      <Filter>lib\cajun</Filter>
    </ClInclude>
    <ClInclude Include="..\lib\cajun-2.0.2\json\elements.h">
      <Filter>lib\cajun\json</Filter>
    </ClInclude>
    <ClInclude Include="..\lib\cajun-2.0.2\json\reader.h">
      <Filter>lib\cajun\json</Filter>
    </ClInclude>
    <ClInclude Include="..\lib\cajun-2.0.2\json\visitor.h">
      <Filter>lib\cajun\json</Filter>
    </ClInclude>
    <ClInclude Include="..\lib\cajun-2.0.2\json\writer.h">
      <Filter>lib\cajun\json</Filter>
    </ClInclude>
    <ClInclude Include="..\lib\cajun-2.0.2\utf8\checked.h">
      <Filter>lib\cajun\utf8</Filter>
    </ClInclude>
    <ClInclude Include="..\lib\cajun-2.0.2\utf8\core.h">
      <Filter>lib\cajun\utf8</Filter>
    </ClInclude>
    <ClInclude Include="..\lib\cajun-2.0.2\utf8\unchecked.h">
      <Filter>lib\cajun\utf8</Filter>
    </ClInclude>
    <ClInclude Include="..\lib\fmt-3.0.1\fmt\format.h">
      <Filter>lib\fmt</Filter>
    </ClInclude>
    <ClInclude Include="..\lib\fmt-3.0.1\fmt\ostream.h">
      <Filter>lib\fmt</Filter>
    </ClInclude>
    <ClInclude Include="..\lib\milagro-crypto-c\include\amcl.h">
      <Filter>lib\milagro-crypto-c\include</Filter>
    </ClInclude>
    <ClInclude Include="..\lib\milagro-crypto-c\include\arch.h">
      <Filter>lib\milagro-crypto-c\include</Filter>
    </ClInclude>
    <ClInclude Include="..\lib\milagro-crypto-c\include\config.h">
      <Filter>lib\milagro-crypto-c\include</Filter>
    </ClInclude>
    <ClInclude Include="..\lib\milagro-crypto-c\include\ecdh.h">
      <Filter>lib\milagro-crypto-c\include</Filter>
    </ClInclude>
    <ClInclude Include="..\lib\milagro-crypto-c\include\mpin.h">
      <Filter>lib\milagro-crypto-c\include</Filter>
    </ClInclude>
    <ClInclude Include="..\lib\milagro-crypto-c\include\randapi.h">
      <Filter>lib\milagro-crypto-c\include</Filter>
    </ClInclude>
    <ClInclude Include="..\lib\milagro-crypto-c\include\rsa.h">
      <Filter>lib\milagro-crypto-c\include</Filter>
    </ClInclude>
    <ClInclude Include="..\lib\milagro-crypto-c\include\sok.h">
      <Filter>lib\milagro-crypto-c\include</Filter>
    </ClInclude>
    <ClInclude Include="..\lib\milagro-crypto-c\include\utils.h">
      <Filter>lib\milagro-crypto-c\include</Filter>
    </ClInclude>
    <ClInclude Include="..\lib\milagro-crypto-c\include\version.h">
      <Filter>lib\milagro-crypto-c\include</Filter>
    </ClInclude>
    <ClInclude Include="..\lib\milagro-crypto-c\include\wcc.h">
      <Filter>lib\milagro-crypto-c\include</Filter>
    </ClInclude>
    <ClInclude Include="..\lib\milagro-crypto-c\include\x509.h">
      <Filter>lib\milagro-crypto-c\include</Filter>
    </ClInclude>
    <ClInclude Include="..\lib\netlib\include\net\common.h">
      <Filter>lib\netlib\include\net</Filter>
    </ClInclude>
    <ClInclude Include="..\lib\netlib\include\net\http_client.h">
      <Filter>lib\netlib\include\net</Filter>
    </ClInclude>
    <ClInclude Include="..\lib\netlib\include\net\tcp_connection.h">
      <Filter>lib\netlib\include\net</Filter>
    </ClInclude>
    <ClInclude Include="..\lib\netlib\include\net\tls_connection.h">
      <Filter>lib\netlib\include\net</Filter>
    </ClInclude>
    <ClInclude Include="..\lib\netlib\include\net\x509.h">
      <Filter>lib\netlib\include\net</Filter>
    </ClInclude>
    <ClInclude Include="..\lib\netlib\src\http_response_parser.h">
      <Filter>lib\netlib\src</Filter>
    </ClInclude>
    <ClInclude Include="..\lib\netlib\src\utils.h">
      <Filter>lib\netlib\src</Filter>
    </ClInclude>
    <ClInclude Include="..\lib\netlib\lib\http-parser-2.7.1\http_parser.h">
      <Filter>lib\netlib\lib\http_parser</Filter>
    </ClInclude>
    <ClInclude Include="..\lib\netlib\lib\mbedtls-2.4.2\include\mbedtls\aes.h">
      <Filter>lib\netlib\lib\mbedtls\include</Filter>
    </ClInclude>
    <ClInclude Include="..\lib\netlib\lib\mbedtls-2.4.2\include\mbedtls\aesni.h">
      <Filter>lib\netlib\lib\mbedtls\include</Filter>
    </ClInclude>
    <ClInclude Include="..\lib\netlib\lib\mbedtls-2.4.2\include\mbedtls\arc4.h">
      <Filter>lib\netlib\lib\mbedtls\include</Filter>
    </ClInclude>
    <ClInclude Include="..\lib\netlib\lib\mbedtls-2.4.2\include\mbedtls\asn1.h">
      <Filter>lib\netlib\lib\mbedtls\include</Filter>
    </ClInclude>
    <ClInclude Include="..\lib\netlib\lib\mbedtls-2.4.2\include\mbedtls\asn1write.h">
      <Filter>lib\netlib\lib\mbedtls\include</Filter>
    </ClInclude>
    <ClInclude Include="..\lib\netlib\lib\mbedtls-2.4.2\include\mbedtls\base64.h">
      <Filter>lib\netlib\lib\mbedtls\include</Filter>
    </ClInclude>
    <ClInclude Include="..\lib\netlib\lib\mbedtls-2.4.2\include\mbedtls\bignum.h">
      <Filter>lib\netlib\lib\mbedtls\include</Filter>
    </ClInclude>
    <ClInclude Include="..\lib\netlib\lib\mbedtls-2.4.2\include\mbedtls\blowfish.h">
      <Filter>lib\netlib\lib\mbedtls\include</Filter>
    </ClInclude>
    <ClInclude Include="..\lib\netlib\lib\mbedtls-2.4.2\include\mbedtls\bn_mul.h">
      <Filter>lib\netlib\lib\mbedtls\include</Filter>
    </ClInclude>
    <ClInclude Include="..\lib\netlib\lib\mbedtls-2.4.2\include\mbedtls\camellia.h">
      <Filter>lib\netlib\lib\mbedtls\include</Filter>
    </ClInclude>
    <ClInclude Include="..\lib\netlib\lib\mbedtls-2.4.2\include\mbedtls\ccm.h">
      <Filter>lib\netlib\lib\mbedtls\include</Filter>
    </ClInclude>
    <ClInclude Include="..\lib\netlib\lib\mbedtls-2.4.2\include\mbedtls\certs.h">
      <Filter>lib\netlib\lib\mbedtls\include</Filter>
    </ClInclude>
    <ClInclude Include="..\lib\netlib\lib\mbedtls-2.4.2\include\mbedtls\check_config.h">
      <Filter>lib\netlib\lib\mbedtls\include</Filter>
    </ClInclude>
    <ClInclude Include="..\lib\netlib\lib\mbedtls-2.4.2\include\mbedtls\cipher.h">
      <Filter>lib\netlib\lib\mbedtls\include</Filter>
    </ClInclude>
    <ClInclude Include="..\lib\netlib\lib\mbedtls-2.4.2\include\mbedtls\cipher_internal.h">
      <Filter>lib\netlib\lib\mbedtls\include</Filter>
    </ClInclude>
    <ClInclude Include="..\lib\netlib\lib\mbedtls-2.4.2\include\mbedtls\cmac.h">
      <Filter>lib\netlib\lib\mbedtls\include</Filter>
    </ClInclude>
    <ClInclude Include="..\lib\netlib\lib\mbedtls-2.4.2\include\mbedtls\compat-1.3.h">
      <Filter>lib\netlib\lib\mbedtls\include</Filter>
    </ClInclude>
    <ClInclude Include="..\lib\netlib\lib\mbedtls-2.4.2\include\mbedtls\config.h">
      <Filter>lib\netlib\lib\mbedtls\include</Filter>
    </ClInclude>
    <ClInclude Include="..\lib\netlib\lib\mbedtls-2.4.2\include\mbedtls\ctr_drbg.h">
      <Filter>lib\netlib\lib\mbedtls\include</Filter>
    </ClInclude>
    <ClInclude Include="..\lib\netlib\lib\mbedtls-2.4.2\include\mbedtls\debug.h">
      <Filter>lib\netlib\lib\mbedtls\include</Filter>
    </ClInclude>
    <ClInclude Include="..\lib\netlib\lib\mbedtls-2.4.2\include\mbedtls\des.h">
      <Filter>lib\netlib\lib\mbedtls\include</Filter>
    </ClInclude>
    <ClInclude Include="..\lib\netlib\lib\mbedtls-2.4.2\include\mbedtls\dhm.h">
      <Filter>lib\netlib\lib\mbedtls\include</Filter>
    </ClInclude>
    <ClInclude Include="..\lib\netlib\lib\mbedtls-2.4.2\include\mbedtls\ecdh.h">
      <Filter>lib\netlib\lib\mbedtls\include</Filter>
    </ClInclude>
    <ClInclude Include="..\lib\netlib\lib\mbedtls-2.4.2\include\mbedtls\ecdsa.h">
      <Filter>lib\netlib\lib\mbedtls\include</Filter>
    </ClInclude>
    <ClInclude Include="..\lib\netlib\lib\mbedtls-2.4.2\include\mbedtls\ecjpake.h">
      <Filter>lib\netlib\lib\mbedtls\include</Filter>
    </ClInclude>
    <ClInclude Include="..\lib\netlib\lib\mbedtls-2.4.2\include\mbedtls\ecp.h">
      <Filter>lib\netlib\lib\mbedtls\include</Filter>
    </ClInclude>
    <ClInclude Include="..\lib\netlib\lib\mbedtls-2.4.2\include\mbedtls\entropy.h">
      <Filter>lib\netlib\lib\mbedtls\include</Filter>
    </ClInclude>
    <ClInclude Include="..\lib\netlib\lib\mbedtls-2.4.2\include\mbedtls\entropy_poll.h">
      <Filter>lib\netlib\lib\mbedtls\include</Filter>
    </ClInclude>
    <ClInclude Include="..\lib\netlib\lib\mbedtls-2.4.2\include\mbedtls\error.h">
      <Filter>lib\netlib\lib\mbedtls\include</Filter>
    </ClInclude>
    <ClInclude Include="..\lib\netlib\lib\mbedtls-2.4.2\include\mbedtls\gcm.h">
      <Filter>lib\netlib\lib\mbedtls\include</Filter>
    </ClInclude>
    <ClInclude Include="..\lib\netlib\lib\mbedtls-2.4.2\include\mbedtls\havege.h">
      <Filter>lib\netlib\lib\mbedtls\include</Filter>
    </ClInclude>
    <ClInclude Include="..\lib\netlib\lib\mbedtls-2.4.2\include\mbedtls\hmac_drbg.h">
      <Filter>lib\netlib\lib\mbedtls\include</Filter>
    </ClInclude>
    <ClInclude Include="..\lib\netlib\lib\mbedtls-2.4.2\include\mbedtls\md.h">
      <Filter>lib\netlib\lib\mbedtls\include</Filter>
    </ClInclude>
    <ClInclude Include="..\lib\netlib\lib\mbedtls-2.4.2\include\mbedtls\md_internal.h">
      <Filter>lib\netlib\lib\mbedtls\include</Filter>
    </ClInclude>
    <ClInclude Include="..\lib\netlib\lib\mbedtls-2.4.2\include\mbedtls\md2.h">
      <Filter>lib\netlib\lib\mbedtls\include</Filter>
    </ClInclude>
    <ClInclude Include="..\lib\netlib\lib\mbedtls-2.4.2\include\mbedtls\md4.h">
      <Filter>lib\netlib\lib\mbedtls\include</Filter>
    </ClInclude>
    <ClInclude Include="..\lib\netlib\lib\mbedtls-2.4.2\include\mbedtls\md5.h">
      <Filter>lib\netlib\lib\mbedtls\include</Filter>
    </ClInclude>
    <ClInclude Include="..\lib\netlib\lib\mbedtls-2.4.2\include\mbedtls\memory_buffer_alloc.h">
      <Filter>lib\netlib\lib\mbedtls\include</Filter>
    </ClInclude>
    <ClInclude Include="..\lib\netlib\lib\mbedtls-2.4.2\include\mbedtls\net.h">
      <Filter>lib\netlib\lib\mbedtls\include</Filter>
    </ClInclude>
    <ClInclude Include="..\lib\netlib\lib\mbedtls-2.4.2\include\mbedtls\net_sockets.h">
      <Filter>lib\netlib\lib\mbedtls\include</Filter>
    </ClInclude>
    <ClInclude Include="..\lib\netlib\lib\mbedtls-2.4.2\include\mbedtls\oid.h">
      <Filter>lib\netlib\lib\mbedtls\include</Filter>
    </ClInclude>
    <ClInclude Include="..\lib\netlib\lib\mbedtls-2.4.2\include\mbedtls\padlock.h">
      <Filter>lib\netlib\lib\mbedtls\include</Filter>
    </ClInclude>
    <ClInclude Include="..\lib\netlib\lib\mbedtls-2.4.2\include\mbedtls\pem.h">
      <Filter>lib\netlib\lib\mbedtls\include</Filter>
    </ClInclude>
    <ClInclude Include="..\lib\netlib\lib\mbedtls-2.4.2\include\mbedtls\pk.h">
      <Filter>lib\netlib\lib\mbedtls\include</Filter>
    </ClInclude>
    <ClInclude Include="..\lib\netlib\lib\mbedtls-2.4.2\include\mbedtls\pk_internal.h">
      <Filter>lib\netlib\lib\mbedtls\include</Filter>
    </ClInclude>
    <ClInclude Include="..\lib\netlib\lib\mbedtls-2.4.2\include\mbedtls\pkcs5.h">
      <Filter>lib\netlib\lib\mbedtls\include</Filter>
    </ClInclude>
    <ClInclude Include="..\lib\netlib\lib\mbedtls-2.4.2\include\mbedtls\pkcs11.h">
      <Filter>lib\netlib\lib\mbedtls\include</Filter>
    </ClInclude>
    <ClInclude Include="..\lib\netlib\lib\mbedtls-2.4.2\include\mbedtls\pkcs12.h">
      <Filter>lib\netlib\lib\mbedtls\include</Filter>
    </ClInclude>
    <ClInclude Include="..\lib\netlib\lib\mbedtls-2.4.2\include\mbedtls\platform.h">
      <Filter>lib\netlib\lib\mbedtls\include</Filter>
    </ClInclude>
    <ClInclude Include="..\lib\netlib\lib\mbedtls-2.4.2\include\mbedtls\platform_time.h">
      <Filter>lib\netlib\lib\mbedtls\include</Filter>
    </ClInclude>
    <ClInclude Include="..\lib\netlib\lib\mbedtls-2.4.2\include\mbedtls\ripemd160.h">
      <Filter>lib\netlib\lib\mbedtls\include</Filter>
    </ClInclude>
    <ClInclude Include="..\lib\netlib\lib\mbedtls-2.4.2\include\mbedtls\rsa.h">
      <Filter>lib\netlib\lib\mbedtls\include</Filter>
    </ClInclude>
    <ClInclude Include="..\lib\netlib\lib\mbedtls-2.4.2\include\mbedtls\sha1.h">
      <Filter>lib\netlib\lib\mbedtls\include</Filter>
    </ClInclude>
    <ClInclude Include="..\lib\netlib\lib\mbedtls-2.4.2\include\mbedtls\sha256.h">
      <Filter>lib\netlib\lib\mbedtls\include</Filter>
    </ClInclude>
    <ClInclude Include="..\lib\netlib\lib\mbedtls-2.4.2\include\mbedtls\sha512.h">
      <Filter>lib\netlib\lib\mbedtls\include</Filter>
    </ClInclude>
    <ClInclude Include="..\lib\netlib\lib\mbedtls-2.4.2\include\mbedtls\ssl.h">
      <Filter>lib\netlib\lib\mbedtls\include</Filter>
    </ClInclude>
    <ClInclude Include="..\lib\netlib\lib\mbedtls-2.4.2\include\mbedtls\ssl_cache.h">
      <Filter>lib\netlib\lib\mbedtls\include</Filter>
    </ClInclude>
    <ClInclude Include="..\lib\netlib\lib\mbedtls-2.4.2\include\mbedtls\ssl_ciphersuites.h">
      <Filter>lib\netlib\lib\mbedtls\include</Filter>
    </ClInclude>
    <ClInclude Include="..\lib\netlib\lib\mbedtls-2.4.2\include\mbedtls\ssl_cookie.h">
      <Filter>lib\netlib\lib\mbedtls\include</Filter>
    </ClInclude>
    <ClInclude Include="..\lib\netlib\lib\mbedtls-2.4.2\include\mbedtls\ssl_internal.h">
      <Filter>lib\netlib\lib\mbedtls\include</Filter>
    </ClInclude>
    <ClInclude Include="..\lib\netlib\lib\mbedtls-2.4.2\include\mbedtls\ssl_ticket.h">
      <Filter>lib\netlib\lib\mbedtls\include</Filter>
    </ClInclude>
    <ClInclude Include="..\lib\netlib\lib\mbedtls-2.4.2\include\mbedtls\threading.h">
      <Filter>lib\netlib\lib\mbedtls\include</Filter>
    </ClInclude>
    <ClInclude Include="..\lib\netlib\lib\mbedtls-2.4.2\include\mbedtls\timing.h">
      <Filter>lib\netlib\lib\mbedtls\include</Filter>
    </ClInclude>
    <ClInclude Include="..\lib\netlib\lib\mbedtls-2.4.2\include\mbedtls\version.h">
      <Filter>lib\netlib\lib\mbedtls\include</Filter>
    </ClInclude>
    <ClInclude Include="..\lib\netlib\lib\mbedtls-2.4.2\include\mbedtls\x509.h">
      <Filter>lib\netlib\lib\mbedtls\include</Filter>
    </ClInclude>
    <ClInclude Include="..\lib\netlib\lib\mbedtls-2.4.2\include\mbedtls\x509_crl.h">
      <Filter>lib\netlib\lib\mbedtls\include</Filter>
    </ClInclude>
    <ClInclude Include="..\lib\netlib\lib\mbedtls-2.4.2\include\mbedtls\x509_crt.h">
      <Filter>lib\netlib\lib\mbedtls\include</Filter>
    </ClInclude>
    <ClInclude Include="..\lib\netlib\lib\mbedtls-2.4.2\include\mbedtls\x509_csr.h">
      <Filter>lib\netlib\lib\mbedtls\include</Filter>
    </ClInclude>
    <ClInclude Include="..\lib\netlib\lib\mbedtls-2.4.2\include\mbedtls\xtea.h">
      <Filter>lib\netlib\lib\mbedtls\include</Filter>
    </ClInclude>
    <ClInclude Include="..\lib\paho.mqtt.embedded-c-master\MQTTClient\src\FP.h">
      <Filter>lib\paho.mqtt.embedded\MQTTClient</Filter>
    </ClInclude>
    <ClInclude Include="..\lib\paho.mqtt.embedded-c-master\MQTTClient\src\MQTTClient.h">
      <Filter>lib\paho.mqtt.embedded\MQTTClient</Filter>
    </ClInclude>
    <ClInclude Include="..\lib\paho.mqtt.embedded-c-master\MQTTClient\src\MQTTLogging.h">
      <Filter>lib\paho.mqtt.embedded\MQTTClient</Filter>
    </ClInclude>
    <ClInclude Include="..\lib\paho.mqtt.embedded-c-master\MQTTPacket\src\MQTTConnect.h">
      <Filter>lib\paho.mqtt.embedded\MQTTPacket</Filter>
    </ClInclude>
    <ClInclude Include="..\lib\paho.mqtt.embedded-c-master\MQTTPacket\src\MQTTFormat.h">
      <Filter>lib\paho.mqtt.embedded\MQTTPacket</Filter>
    </ClInclude>
    <ClInclude Include="..\lib\paho.mqtt.embedded-c-master\MQTTPacket\src\MQTTPacket.h">
      <Filter>lib\paho.mqtt.embedded\MQTTPacket</Filter>
    </ClInclude>
    <ClInclude Include="..\lib\paho.mqtt.embedded-c-master\MQTTPacket\src\MQTTPublish.h">
      <Filter>lib\paho.mqtt.embedded\MQTTPacket</Filter>
    </ClInclude>
    <ClInclude Include="..\lib\paho.mqtt.embedded-c-master\MQTTPacket\src\MQTTSubscribe.h">
      <Filter>lib\paho.mqtt.embedded\MQTTPacket</Filter>
    </ClInclude>
    <ClInclude Include="..\lib\paho.mqtt.embedded-c-master\MQTTPacket\src\MQTTUnsubscribe.h">
      <Filter>lib\paho.mqtt.embedded\MQTTPacket</Filter>
    </ClInclude>
    <ClInclude Include="..\lib\paho.mqtt.embedded-c-master\MQTTPacket\src\StackTrace.h">
      <Filter>lib\paho.mqtt.embedded\MQTTPacket</Filter>
    </ClInclude>
  </ItemGroup>
  <ItemGroup>
    <None Include="..\Makefile" />
    <None Include="..\lib\cajun-2.0.2\json\elements.inl">
      <Filter>lib\cajun\json</Filter>
    </None>
    <None Include="..\lib\cajun-2.0.2\json\reader.inl">
      <Filter>lib\cajun\json</Filter>
    </None>
    <None Include="..\lib\cajun-2.0.2\json\writer.inl">
      <Filter>lib\cajun\json</Filter>
    </None>
    <None Include="..\lib\make_utils\base.makefile">
      <Filter>lib\make_utils</Filter>
    </None>
  </ItemGroup>
</Project>